
Microsoft Visual Studio Solution File, Format Version 12.00
# Visual Studio 15
VisualStudioVersion = 15.0.27703.2000
MinimumVisualStudioVersion = 10.0.40219.1
Project("{FAE04EC0-301F-11D3-BF4B-00C04F79EFBC}") = "DormMEmjuWEB", "DormMEmjuWEB\DormMEmjuWEB.csproj", "{C027205E-B589-4F79-8B16-DB33CC254954}"
EndProject
Project("{9A19103F-16F7-4668-BE54-9A1E7A4F7556}") = "DormMEmjuAPI", "DormMEmjuAPI\DormMEmjuAPI.csproj", "{3314B4BD-BB99-4B0C-99A1-1C1EF74936C7}"
EndProject
Project("{FAE04EC0-301F-11D3-BF4B-00C04F79EFBC}") = "DormMEmjuBIZ", "DormMEmjuBIZ\DormMEmjuBIZ.csproj", "{0CDC8B8F-A5AD-4B26-85FF-64225BF38D84}"
EndProject
Project("{FAE04EC0-301F-11D3-BF4B-00C04F79EFBC}") = "DormMEmjuDAL", "DormMEmjuDAL\DormMEmjuDAL.csproj", "{9D0215C1-8DC6-4956-A185-AFF3486AA2C0}"
EndProject
Project("{FAE04EC0-301F-11D3-BF4B-00C04F79EFBC}") = "DormMEmjuMOD", "DormMEmjuMOD\DormMEmjuMOD.csproj", "{CC483202-A3D6-4329-A225-C1468937D72A}"
EndProject
Project("{FAE04EC0-301F-11D3-BF4B-00C04F79EFBC}") = "WebApplication1", "WebApplication1\WebApplication1.csproj", "{74249901-4DE7-422C-987D-8CC4D11F1D8A}"
EndProject
Global
	GlobalSection(SolutionConfigurationPlatforms) = preSolution
		Debug|Any CPU = Debug|Any CPU
		Release|Any CPU = Release|Any CPU
	EndGlobalSection
	GlobalSection(ProjectConfigurationPlatforms) = postSolution
		{C027205E-B589-4F79-8B16-DB33CC254954}.Debug|Any CPU.ActiveCfg = Debug|Any CPU
		{C027205E-B589-4F79-8B16-DB33CC254954}.Debug|Any CPU.Build.0 = Debug|Any CPU
		{C027205E-B589-4F79-8B16-DB33CC254954}.Release|Any CPU.ActiveCfg = Release|Any CPU
		{C027205E-B589-4F79-8B16-DB33CC254954}.Release|Any CPU.Build.0 = Release|Any CPU
		{3314B4BD-BB99-4B0C-99A1-1C1EF74936C7}.Debug|Any CPU.ActiveCfg = Debug|Any CPU
		{3314B4BD-BB99-4B0C-99A1-1C1EF74936C7}.Debug|Any CPU.Build.0 = Debug|Any CPU
		{3314B4BD-BB99-4B0C-99A1-1C1EF74936C7}.Release|Any CPU.ActiveCfg = Release|Any CPU
		{3314B4BD-BB99-4B0C-99A1-1C1EF74936C7}.Release|Any CPU.Build.0 = Release|Any CPU
		{0CDC8B8F-A5AD-4B26-85FF-64225BF38D84}.Debug|Any CPU.ActiveCfg = Debug|Any CPU
		{0CDC8B8F-A5AD-4B26-85FF-64225BF38D84}.Debug|Any CPU.Build.0 = Debug|Any CPU
		{0CDC8B8F-A5AD-4B26-85FF-64225BF38D84}.Release|Any CPU.ActiveCfg = Release|Any CPU
		{0CDC8B8F-A5AD-4B26-85FF-64225BF38D84}.Release|Any CPU.Build.0 = Release|Any CPU
		{9D0215C1-8DC6-4956-A185-AFF3486AA2C0}.Debug|Any CPU.ActiveCfg = Debug|Any CPU
		{9D0215C1-8DC6-4956-A185-AFF3486AA2C0}.Debug|Any CPU.Build.0 = Debug|Any CPU
		{9D0215C1-8DC6-4956-A185-AFF3486AA2C0}.Release|Any CPU.ActiveCfg = Release|Any CPU
		{9D0215C1-8DC6-4956-A185-AFF3486AA2C0}.Release|Any CPU.Build.0 = Release|Any CPU
		{CC483202-A3D6-4329-A225-C1468937D72A}.Debug|Any CPU.ActiveCfg = Debug|Any CPU
		{CC483202-A3D6-4329-A225-C1468937D72A}.Debug|Any CPU.Build.0 = Debug|Any CPU
		{CC483202-A3D6-4329-A225-C1468937D72A}.Release|Any CPU.ActiveCfg = Release|Any CPU
		{CC483202-A3D6-4329-A225-C1468937D72A}.Release|Any CPU.Build.0 = Release|Any CPU
		{74249901-4DE7-422C-987D-8CC4D11F1D8A}.Debug|Any CPU.ActiveCfg = Debug|Any CPU
		{74249901-4DE7-422C-987D-8CC4D11F1D8A}.Debug|Any CPU.Build.0 = Debug|Any CPU
		{74249901-4DE7-422C-987D-8CC4D11F1D8A}.Release|Any CPU.ActiveCfg = Release|Any CPU
		{74249901-4DE7-422C-987D-8CC4D11F1D8A}.Release|Any CPU.Build.0 = Release|Any CPU
	EndGlobalSection
	GlobalSection(SolutionProperties) = preSolution
		HideSolutionNode = FALSE
	EndGlobalSection
	GlobalSection(ExtensibilityGlobals) = postSolution
		SolutionGuid = {60E42D7B-73D2-4783-9560-CE88224B5FAB}
	EndGlobalSection
EndGlobal
